
Microsoft Visual Studio Solution File, Format Version 12.00
# Visual Studio 2015
Project("{FAE04EC0-301F-11D3-BF4B-00C04F79EFBC}") = "4_1_Project.CSharp", "4_1_Project.CSharp.csproj", "{B264DCBD-4686-74C6-36F2-299B2A282621}"
EndProject
Global
	GlobalSection(SolutionConfigurationPlatforms) = preSolution
		Debug|Any CPU = Debug|Any CPU
		Release|Any CPU = Release|Any CPU
	EndGlobalSection
	GlobalSection(ProjectConfigurationPlatforms) = postSolution
		{B264DCBD-4686-74C6-36F2-299B2A282621}.Debug|Any CPU.ActiveCfg = Debug|Any CPU
		{B264DCBD-4686-74C6-36F2-299B2A282621}.Debug|Any CPU.Build.0 = Debug|Any CPU
		{B264DCBD-4686-74C6-36F2-299B2A282621}.Release|Any CPU.ActiveCfg = Release|Any CPU
		{B264DCBD-4686-74C6-36F2-299B2A282621}.Release|Any CPU.Build.0 = Release|Any CPU
	EndGlobalSection
	GlobalSection(SolutionProperties) = preSolution
		HideSolutionNode = FALSE
	EndGlobalSection
EndGlobal
